
Microsoft Visual Studio Solution File, Format Version 12.00
# Visual Studio Version 17
VisualStudioVersion = 17.1.32328.378
MinimumVisualStudioVersion = 10.0.40219.1
Project("{FAE04EC0-301F-11D3-BF4B-00C04F79EFBC}") = "TaxiManager9000", "TaxiManager9000\TaxiManager9000.csproj", "{FC32A55A-B9BB-4E25-AB79-4FF35A3D20A8}"
EndProject
Project("{FAE04EC0-301F-11D3-BF4B-00C04F79EFBC}") = "TaxiManager.Models", "TaxiManager.Models\TaxiManager.Models.csproj", "{1564F02B-5B5D-49DC-B538-B4A875C3448B}"
EndProject
Project("{FAE04EC0-301F-11D3-BF4B-00C04F79EFBC}") = "TaxiManager.Services", "TaxiManager.Services\TaxiManager.Services.csproj", "{48B60742-2D49-4D2E-8A5D-CC28D8AB54CA}"
EndProject
Global
	GlobalSection(SolutionConfigurationPlatforms) = preSolution
		Debug|Any CPU = Debug|Any CPU
		Release|Any CPU = Release|Any CPU
	EndGlobalSection
	GlobalSection(ProjectConfigurationPlatforms) = postSolution
		{FC32A55A-B9BB-4E25-AB79-4FF35A3D20A8}.Debug|Any CPU.ActiveCfg = Debug|Any CPU
		{FC32A55A-B9BB-4E25-AB79-4FF35A3D20A8}.Debug|Any CPU.Build.0 = Debug|Any CPU
		{FC32A55A-B9BB-4E25-AB79-4FF35A3D20A8}.Release|Any CPU.ActiveCfg = Release|Any CPU
		{FC32A55A-B9BB-4E25-AB79-4FF35A3D20A8}.Release|Any CPU.Build.0 = Release|Any CPU
		{1564F02B-5B5D-49DC-B538-B4A875C3448B}.Debug|Any CPU.ActiveCfg = Debug|Any CPU
		{1564F02B-5B5D-49DC-B538-B4A875C3448B}.Debug|Any CPU.Build.0 = Debug|Any CPU
		{1564F02B-5B5D-49DC-B538-B4A875C3448B}.Release|Any CPU.ActiveCfg = Release|Any CPU
		{1564F02B-5B5D-49DC-B538-B4A875C3448B}.Release|Any CPU.Build.0 = Release|Any CPU
		{48B60742-2D49-4D2E-8A5D-CC28D8AB54CA}.Debug|Any CPU.ActiveCfg = Debug|Any CPU
		{48B60742-2D49-4D2E-8A5D-CC28D8AB54CA}.Debug|Any CPU.Build.0 = Debug|Any CPU
		{48B60742-2D49-4D2E-8A5D-CC28D8AB54CA}.Release|Any CPU.ActiveCfg = Release|Any CPU
		{48B60742-2D49-4D2E-8A5D-CC28D8AB54CA}.Release|Any CPU.Build.0 = Release|Any CPU
	EndGlobalSection
	GlobalSection(SolutionProperties) = preSolution
		HideSolutionNode = FALSE
	EndGlobalSection
	GlobalSection(ExtensibilityGlobals) = postSolution
		SolutionGuid = {471CD437-1FCC-4EB0-88FE-57A380D4845A}
	EndGlobalSection
EndGlobal
